
Microsoft Visual Studio Solution File, Format Version 10.00
# Visual Studio 2008
Project("{FAE04EC0-301F-11D3-BF4B-00C04F79EFBC}") = "App.Model", "App.Model\App.Model.csproj", "{56A60E24-334A-414D-BE3A-CF8F1506FBC7}"
EndProject
Project("{E24C65DC-7377-472B-9ABA-BC803B73C61A}") = "App.Web", "App.Web", "{F765FB79-043A-46DE-B841-7C3F32288051}"
	ProjectSection(WebsiteProperties) = preProject
		SccProjectName = ""
		SccAuxPath = ""
		SccLocalPath = ""
		SccProvider = ""
		TargetFramework = "2.0"
		ProjectReferences = "{56A60E24-334A-414D-BE3A-CF8F1506FBC7}|App.Model.dll;"
		Debug.AspNetCompiler.VirtualPath = "/App.Web"
		Debug.AspNetCompiler.PhysicalPath = "App.Web\"
		Debug.AspNetCompiler.TargetPath = "PrecompiledWeb\App.Web\"
		Debug.AspNetCompiler.Updateable = "true"
		Debug.AspNetCompiler.ForceOverwrite = "true"
		Debug.AspNetCompiler.FixedNames = "false"
		Debug.AspNetCompiler.Debug = "True"
		Release.AspNetCompiler.VirtualPath = "/App.Web"
		Release.AspNetCompiler.PhysicalPath = "App.Web\"
		Release.AspNetCompiler.TargetPath = "PrecompiledWeb\App.Web\"
		Release.AspNetCompiler.Updateable = "true"
		Release.AspNetCompiler.ForceOverwrite = "true"
		Release.AspNetCompiler.FixedNames = "false"
		Release.AspNetCompiler.Debug = "False"
		VWDPort = "3213"
	EndProjectSection
EndProject
Global
	GlobalSection(SolutionConfigurationPlatforms) = preSolution
		Debug|.NET = Debug|.NET
		Debug|Any CPU = Debug|Any CPU
		Debug|Mixed Platforms = Debug|Mixed Platforms
		Release|.NET = Release|.NET
		Release|Any CPU = Release|Any CPU
		Release|Mixed Platforms = Release|Mixed Platforms
	EndGlobalSection
	GlobalSection(ProjectConfigurationPlatforms) = postSolution
		{56A60E24-334A-414D-BE3A-CF8F1506FBC7}.Debug|.NET.ActiveCfg = Debug|Any CPU
		{56A60E24-334A-414D-BE3A-CF8F1506FBC7}.Debug|Any CPU.ActiveCfg = Debug|Any CPU
		{56A60E24-334A-414D-BE3A-CF8F1506FBC7}.Debug|Any CPU.Build.0 = Debug|Any CPU
		{56A60E24-334A-414D-BE3A-CF8F1506FBC7}.Debug|Mixed Platforms.ActiveCfg = Debug|Any CPU
		{56A60E24-334A-414D-BE3A-CF8F1506FBC7}.Debug|Mixed Platforms.Build.0 = Debug|Any CPU
		{56A60E24-334A-414D-BE3A-CF8F1506FBC7}.Release|.NET.ActiveCfg = Release|Any CPU
		{56A60E24-334A-414D-BE3A-CF8F1506FBC7}.Release|Any CPU.ActiveCfg = Release|Any CPU
		{56A60E24-334A-414D-BE3A-CF8F1506FBC7}.Release|Any CPU.Build.0 = Release|Any CPU
		{56A60E24-334A-414D-BE3A-CF8F1506FBC7}.Release|Mixed Platforms.ActiveCfg = Release|Any CPU
		{56A60E24-334A-414D-BE3A-CF8F1506FBC7}.Release|Mixed Platforms.Build.0 = Release|Any CPU
		{F765FB79-043A-46DE-B841-7C3F32288051}.Debug|.NET.ActiveCfg = Debug|.NET
		{F765FB79-043A-46DE-B841-7C3F32288051}.Debug|.NET.Build.0 = Debug|.NET
		{F765FB79-043A-46DE-B841-7C3F32288051}.Debug|Any CPU.ActiveCfg = Debug|.NET
		{F765FB79-043A-46DE-B841-7C3F32288051}.Debug|Mixed Platforms.ActiveCfg = Debug|.NET
		{F765FB79-043A-46DE-B841-7C3F32288051}.Debug|Mixed Platforms.Build.0 = Debug|.NET
		{F765FB79-043A-46DE-B841-7C3F32288051}.Release|.NET.ActiveCfg = Debug|.NET
		{F765FB79-043A-46DE-B841-7C3F32288051}.Release|.NET.Build.0 = Debug|.NET
		{F765FB79-043A-46DE-B841-7C3F32288051}.Release|Any CPU.ActiveCfg = Debug|.NET
		{F765FB79-043A-46DE-B841-7C3F32288051}.Release|Mixed Platforms.ActiveCfg = Debug|.NET
		{F765FB79-043A-46DE-B841-7C3F32288051}.Release|Mixed Platforms.Build.0 = Debug|.NET
	EndGlobalSection
	GlobalSection(SolutionProperties) = preSolution
		HideSolutionNode = FALSE
	EndGlobalSection
EndGlobal
